// !$*UTF8*$!
{
	archiveVersion = 1;
	classes = {
	};
	objectVersion = 46;
	objects = {

/* Begin PBXBuildFile section */
		2184EB6D19937CBD008A0F61 /* AppDelegate.swift in Sources */ = {isa = PBXBuildFile; fileRef = 2184EB6C19937CBD008A0F61 /* AppDelegate.swift */; };
		2184EB6F19937CBD008A0F61 /* ViewController.swift in Sources */ = {isa = PBXBuildFile; fileRef = 2184EB6E19937CBD008A0F61 /* ViewController.swift */; };
		2184EB7219937CBD008A0F61 /* Main.storyboard in Resources */ = {isa = PBXBuildFile; fileRef = 2184EB7019937CBD008A0F61 /* Main.storyboard */; };
		2184EB7419937CBD008A0F61 /* Images.xcassets in Resources */ = {isa = PBXBuildFile; fileRef = 2184EB7319937CBD008A0F61 /* Images.xcassets */; };
		2184EB8019937CBD008A0F61 /* GraphVisualizerTests.swift in Sources */ = {isa = PBXBuildFile; fileRef = 2184EB7F19937CBD008A0F61 /* GraphVisualizerTests.swift */; };
/* End PBXBuildFile section */

/* Begin PBXContainerItemProxy section */
		2184EB7A19937CBD008A0F61 /* PBXContainerItemProxy */ = {
			isa = PBXContainerItemProxy;
			containerPortal = 2184EB5F19937CBD008A0F61 /* Project object */;
			proxyType = 1;
			remoteGlobalIDString = 2184EB6619937CBD008A0F61;
			remoteInfo = GraphVisualizer;
		};
/* End PBXContainerItemProxy section */

/* Begin PBXFileReference section */
		2184EB6719937CBD008A0F61 /* GraphVisualizer.app */ = {isa = PBXFileReference; explicitFileType = wrapper.application; includeInIndex = 0; path = GraphVisualizer.app; sourceTree = BUILT_PRODUCTS_DIR; };
		2184EB6B19937CBD008A0F61 /* Info.plist */ = {isa = PBXFileReference; lastKnownFileType = text.plist.xml; path = Info.plist; sourceTree = "<group>"; };
		2184EB6C19937CBD008A0F61 /* AppDelegate.swift */ = {isa = PBXFileReference; lastKnownFileType = sourcecode.swift; path = AppDelegate.swift; sourceTree = "<group>"; };
		2184EB6E19937CBD008A0F61 /* ViewController.swift */ = {isa = PBXFileReference; lastKnownFileType = sourcecode.swift; path = ViewController.swift; sourceTree = "<group>"; };
		2184EB7119937CBD008A0F61 /* Base */ = {isa = PBXFileReference; lastKnownFileType = file.storyboard; name = Base; path = Base.lproj/Main.storyboard; sourceTree = "<group>"; };
		2184EB7319937CBD008A0F61 /* Images.xcassets */ = {isa = PBXFileReference; lastKnownFileType = folder.assetcatalog; path = Images.xcassets; sourceTree = "<group>"; };
		2184EB7919937CBD008A0F61 /* GraphVisualizerTests.xctest */ = {isa = PBXFileReference; explicitFileType = wrapper.cfbundle; includeInIndex = 0; path = GraphVisualizerTests.xctest; sourceTree = BUILT_PRODUCTS_DIR; };
		2184EB7E19937CBD008A0F61 /* Info.plist */ = {isa = PBXFileReference; lastKnownFileType = text.plist.xml; path = Info.plist; sourceTree = "<group>"; };
		2184EB7F19937CBD008A0F61 /* GraphVisualizerTests.swift */ = {isa = PBXFileReference; lastKnownFileType = sourcecode.swift; path = GraphVisualizerTests.swift; sourceTree = "<group>"; };
/* End PBXFileReference section */

/* Begin PBXFrameworksBuildPhase section */
		2184EB6419937CBD008A0F61 /* Frameworks */ = {
			isa = PBXFrameworksBuildPhase;
			buildActionMask = 2147483647;
			files = (
			);
			runOnlyForDeploymentPostprocessing = 0;
		};
		2184EB7619937CBD008A0F61 /* Frameworks */ = {
			isa = PBXFrameworksBuildPhase;
			buildActionMask = 2147483647;
			files = (
			);
			runOnlyForDeploymentPostprocessing = 0;
		};
/* End PBXFrameworksBuildPhase section */

/* Begin PBXGroup section */
		2184EB5E19937CBD008A0F61 = {
			isa = PBXGroup;
			children = (
				2184EB6919937CBD008A0F61 /* GraphVisualizer */,
				2184EB7C19937CBD008A0F61 /* GraphVisualizerTests */,
				2184EB6819937CBD008A0F61 /* Products */,
			);
			sourceTree = "<group>";
		};
		2184EB6819937CBD008A0F61 /* Products */ = {
			isa = PBXGroup;
			children = (
				2184EB6719937CBD008A0F61 /* GraphVisualizer.app */,
				2184EB7919937CBD008A0F61 /* GraphVisualizerTests.xctest */,
			);
			name = Products;
			sourceTree = "<group>";
		};
		2184EB6919937CBD008A0F61 /* GraphVisualizer */ = {
			isa = PBXGroup;
			children = (
				2184EB6C19937CBD008A0F61 /* AppDelegate.swift */,
				2184EB6E19937CBD008A0F61 /* ViewController.swift */,
				2184EB7019937CBD008A0F61 /* Main.storyboard */,
				2184EB7319937CBD008A0F61 /* Images.xcassets */,
				2184EB6A19937CBD008A0F61 /* Supporting Files */,
			);
			path = GraphVisualizer;
			sourceTree = "<group>";
		};
		2184EB6A19937CBD008A0F61 /* Supporting Files */ = {
			isa = PBXGroup;
			children = (
				2184EB6B19937CBD008A0F61 /* Info.plist */,
			);
			name = "Supporting Files";
			sourceTree = "<group>";
		};
		2184EB7C19937CBD008A0F61 /* GraphVisualizerTests */ = {
			isa = PBXGroup;
			children = (
				2184EB7F19937CBD008A0F61 /* GraphVisualizerTests.swift */,
				2184EB7D19937CBD008A0F61 /* Supporting Files */,
			);
			path = GraphVisualizerTests;
			sourceTree = "<group>";
		};
		2184EB7D19937CBD008A0F61 /* Supporting Files */ = {
			isa = PBXGroup;
			children = (
				2184EB7E19937CBD008A0F61 /* Info.plist */,
			);
			name = "Supporting Files";
			sourceTree = "<group>";
		};
/* End PBXGroup section */

/* Begin PBXNativeTarget section */
		2184EB6619937CBD008A0F61 /* GraphVisualizer */ = {
			isa = PBXNativeTarget;
			buildConfigurationList = 2184EB8319937CBD008A0F61 /* Build configuration list for PBXNativeTarget "GraphVisualizer" */;
			buildPhases = (
				2184EB6319937CBD008A0F61 /* Sources */,
				2184EB6419937CBD008A0F61 /* Frameworks */,
				2184EB6519937CBD008A0F61 /* Resources */,
			);
			buildRules = (
			);
			dependencies = (
			);
			name = GraphVisualizer;
			productName = GraphVisualizer;
			productReference = 2184EB6719937CBD008A0F61 /* GraphVisualizer.app */;
			productType = "com.apple.product-type.application";
		};
		2184EB7819937CBD008A0F61 /* GraphVisualizerTests */ = {
			isa = PBXNativeTarget;
			buildConfigurationList = 2184EB8619937CBD008A0F61 /* Build configuration list for PBXNativeTarget "GraphVisualizerTests" */;
			buildPhases = (
				2184EB7519937CBD008A0F61 /* Sources */,
				2184EB7619937CBD008A0F61 /* Frameworks */,
				2184EB7719937CBD008A0F61 /* Resources */,
			);
			buildRules = (
			);
			dependencies = (
				2184EB7B19937CBD008A0F61 /* PBXTargetDependency */,
			);
			name = GraphVisualizerTests;
			productName = GraphVisualizerTests;
			productReference = 2184EB7919937CBD008A0F61 /* GraphVisualizerTests.xctest */;
			productType = "com.apple.product-type.bundle.unit-test";
		};
/* End PBXNativeTarget section */

/* Begin PBXProject section */
		2184EB5F19937CBD008A0F61 /* Project object */ = {
			isa = PBXProject;
			attributes = {
				LastUpgradeCheck = 0600;
				ORGANIZATIONNAME = "Richard Tolley";
				TargetAttributes = {
					2184EB6619937CBD008A0F61 = {
						CreatedOnToolsVersion = 6.0;
					};
					2184EB7819937CBD008A0F61 = {
						CreatedOnToolsVersion = 6.0;
						TestTargetID = 2184EB6619937CBD008A0F61;
					};
				};
			};
			buildConfigurationList = 2184EB6219937CBD008A0F61 /* Build configuration list for PBXProject "GraphVisualizer" */;
			compatibilityVersion = "Xcode 3.2";
			developmentRegion = English;
			hasScannedForEncodings = 0;
			knownRegions = (
				en,
				Base,
			);
			mainGroup = 2184EB5E19937CBD008A0F61;
			productRefGroup = 2184EB6819937CBD008A0F61 /* Products */;
			projectDirPath = "";
			projectRoot = "";
			targets = (
				2184EB6619937CBD008A0F61 /* GraphVisualizer */,
				2184EB7819937CBD008A0F61 /* GraphVisualizerTests */,
			);
		};
/* End PBXProject section */

/* Begin PBXResourcesBuildPhase section */
		2184EB6519937CBD008A0F61 /* Resources */ = {
			isa = PBXResourcesBuildPhase;
			buildActionMask = 2147483647;
			files = (
				2184EB7219937CBD008A0F61 /* Main.storyboard in Resources */,
				2184EB7419937CBD008A0F61 /* Images.xcassets in Resources */,
			);
			runOnlyForDeploymentPostprocessing = 0;
		};
		2184EB7719937CBD008A0F61 /* Resources */ = {
			isa = PBXResourcesBuildPhase;
			buildActionMask = 2147483647;
			files = (
			);
			runOnlyForDeploymentPostprocessing = 0;
		};
/* End PBXResourcesBuildPhase section */

/* Begin PBXSourcesBuildPhase section */
		2184EB6319937CBD008A0F61 /* Sources */ = {
			isa = PBXSourcesBuildPhase;
			buildActionMask = 2147483647;
			files = (
				2184EB6F19937CBD008A0F61 /* ViewController.swift in Sources */,
				2184EB6D19937CBD008A0F61 /* AppDelegate.swift in Sources */,
			);
			runOnlyForDeploymentPostprocessing = 0;
		};
		2184EB7519937CBD008A0F61 /* Sources */ = {
			isa = PBXSourcesBuildPhase;
			buildActionMask = 2147483647;
			files = (
				2184EB8019937CBD008A0F61 /* GraphVisualizerTests.swift in Sources */,
			);
			runOnlyForDeploymentPostprocessing = 0;
		};
/* End PBXSourcesBuildPhase section */

/* Begin PBXTargetDependency section */
		2184EB7B19937CBD008A0F61 /* PBXTargetDependency */ = {
			isa = PBXTargetDependency;
			target = 2184EB6619937CBD008A0F61 /* GraphVisualizer */;
			targetProxy = 2184EB7A19937CBD008A0F61 /* PBXContainerItemProxy */;
		};
/* End PBXTargetDependency section */

/* Begin PBXVariantGroup section */
		2184EB7019937CBD008A0F61 /* Main.storyboard */ = {
			isa = PBXVariantGroup;
			children = (
				2184EB7119937CBD008A0F61 /* Base */,
			);
			name = Main.storyboard;
			sourceTree = "<group>";
		};
/* End PBXVariantGroup section */

/* Begin XCBuildConfiguration section */
		2184EB8119937CBD008A0F61 /* Debug */ = {
			isa = XCBuildConfiguration;
			buildSettings = {
				ALWAYS_SEARCH_USER_PATHS = NO;
				CLANG_CXX_LANGUAGE_STANDARD = "gnu++0x";
				CLANG_CXX_LIBRARY = "libc++";
				CLANG_ENABLE_MODULES = YES;
				CLANG_ENABLE_OBJC_ARC = YES;
				CLANG_WARN_BOOL_CONVERSION = YES;
				CLANG_WARN_CONSTANT_CONVERSION = YES;
				CLANG_WARN_DIRECT_OBJC_ISA_USAGE = YES_ERROR;
				CLANG_WARN_EMPTY_BODY = YES;
				CLANG_WARN_ENUM_CONVERSION = YES;
				CLANG_WARN_INT_CONVERSION = YES;
				CLANG_WARN_OBJC_ROOT_CLASS = YES_ERROR;
				CLANG_WARN_UNREACHABLE_CODE = YES;
				CLANG_WARN__DUPLICATE_METHOD_MATCH = YES;
				"CODE_SIGN_IDENTITY[sdk=iphoneos*]" = "iPhone Developer";
				COPY_PHASE_STRIP = NO;
				ENABLE_STRICT_OBJC_MSGSEND = YES;
				GCC_C_LANGUAGE_STANDARD = gnu99;
				GCC_DYNAMIC_NO_PIC = NO;
				GCC_OPTIMIZATION_LEVEL = 0;
				GCC_PREPROCESSOR_DEFINITIONS = (
					"DEBUG=1",
					"$(inherited)",
				);
				GCC_SYMBOLS_PRIVATE_EXTERN = NO;
				GCC_WARN_64_TO_32_BIT_CONVERSION = YES;
				GCC_WARN_ABOUT_RETURN_TYPE = YES_ERROR;
				GCC_WARN_UNDECLARED_SELECTOR = YES;
				GCC_WARN_UNINITIALIZED_AUTOS = YES_AGGRESSIVE;
				GCC_WARN_UNUSED_FUNCTION = YES;
				GCC_WARN_UNUSED_VARIABLE = YES;
				IPHONEOS_DEPLOYMENT_TARGET = 8.0;
				MTL_ENABLE_DEBUG_INFO = YES;
				ONLY_ACTIVE_ARCH = YES;
				SDKROOT = iphoneos;
				SWIFT_OPTIMIZATION_LEVEL = "-Onone";
				TARGETED_DEVICE_FAMILY = 2;
			};
			name = Debug;
		};
		2184EB8219937CBD008A0F61 /* Release */ = {
			isa = XCBuildConfiguration;
			buildSettings = {
				ALWAYS_SEARCH_USER_PATHS = NO;
				CLANG_CXX_LANGUAGE_STANDARD = "gnu++0x";
				CLANG_CXX_LIBRARY = "libc++";
				CLANG_ENABLE_MODULES = YES;
				CLANG_ENABLE_OBJC_ARC = YES;
				CLANG_WARN_BOOL_CONVERSION = YES;
				CLANG_WARN_CONSTANT_CONVERSION = YES;
				CLANG_WARN_DIRECT_OBJC_ISA_USAGE = YES_ERROR;
				CLANG_WARN_EMPTY_BODY = YES;
				CLANG_WARN_ENUM_CONVERSION = YES;
				CLANG_WARN_INT_CONVERSION = YES;
				CLANG_WARN_OBJC_ROOT_CLASS = YES_ERROR;
				CLANG_WARN_UNREACHABLE_CODE = YES;
				CLANG_WARN__DUPLICATE_METHOD_MATCH = YES;
				"CODE_SIGN_IDENTITY[sdk=iphoneos*]" = "iPhone Developer";
				COPY_PHASE_STRIP = YES;
				ENABLE_NS_ASSERTIONS = NO;
				ENABLE_STRICT_OBJC_MSGSEND = YES;
				GCC_C_LANGUAGE_STANDARD = gnu99;
				GCC_WARN_64_TO_32_BIT_CONVERSION = YES;
				GCC_WARN_ABOUT_RETURN_TYPE = YES_ERROR;
				GCC_WARN_UNDECLARED_SELECTOR = YES;
				GCC_WARN_UNINITIALIZED_AUTOS = YES_AGGRESSIVE;
				GCC_WARN_UNUSED_FUNCTION = YES;
				GCC_WARN_UNUSED_VARIABLE = YES;
				IPHONEOS_DEPLOYMENT_TARGET = 8.0;
				MTL_ENABLE_DEBUG_INFO = NO;
				SDKROOT = iphoneos;
				TARGETED_DEVICE_FAMILY = 2;
				VALIDATE_PRODUCT = YES;
			};
			name = Release;
		};
		2184EB8419937CBD008A0F61 /* Debug */ = {
			isa = XCBuildConfiguration;
			buildSettings = {
				ASSETCATALOG_COMPILER_APPICON_NAME = AppIcon;
				ASSETCATALOG_COMPILER_LAUNCHIMAGE_NAME = LaunchImage;
				INFOPLIST_FILE = GraphVisualizer/Info.plist;
				LD_RUNPATH_SEARCH_PATHS = "$(inherited) @executable_path/Frameworks";
				PRODUCT_NAME = "$(TARGET_NAME)";
			};
			name = Debug;
		};
		2184EB8519937CBD008A0F61 /* Release */ = {
			isa = XCBuildConfiguration;
			buildSettings = {
				ASSETCATALOG_COMPILER_APPICON_NAME = AppIcon;
				ASSETCATALOG_COMPILER_LAUNCHIMAGE_NAME = LaunchImage;
				INFOPLIST_FILE = GraphVisualizer/Info.plist;
				LD_RUNPATH_SEARCH_PATHS = "$(inherited) @executable_path/Frameworks";
				PRODUCT_NAME = "$(TARGET_NAME)";
			};
			name = Release;
		};
		2184EB8719937CBD008A0F61 /* Debug */ = {
			isa = XCBuildConfiguration;
			buildSettings = {
				BUNDLE_LOADER = "$(TEST_HOST)";
				FRAMEWORK_SEARCH_PATHS = (
					"$(SDKROOT)/Developer/Library/Frameworks",
					"$(inherited)",
				);
				GCC_PREPROCESSOR_DEFINITIONS = (
					"DEBUG=1",
					"$(inherited)",
				);
				INFOPLIST_FILE = GraphVisualizerTests/Info.plist;
				LD_RUNPATH_SEARCH_PATHS = "$(inherited) @executable_path/Frameworks @loader_path/Frameworks";
				PRODUCT_NAME = "$(TARGET_NAME)";
				TEST_HOST = "$(BUILT_PRODUCTS_DIR)/GraphVisualizer.app/GraphVisualizer";
			};
			name = Debug;
		};
		2184EB8819937CBD008A0F61 /* Release */ = {
			isa = XCBuildConfiguration;
			buildSettings = {
				BUNDLE_LOADER = "$(TEST_HOST)";
				FRAMEWORK_SEARCH_PATHS = (
					"$(SDKROOT)/Developer/Library/Frameworks",
					"$(inherited)",
				);
				INFOPLIST_FILE = GraphVisualizerTests/Info.plist;
				LD_RUNPATH_SEARCH_PATHS = "$(inherited) @executable_path/Frameworks @loader_path/Frameworks";
				PRODUCT_NAME = "$(TARGET_NAME)";
				TEST_HOST = "$(BUILT_PRODUCTS_DIR)/GraphVisualizer.app/GraphVisualizer";
			};
			name = Release;
		};
/* End XCBuildConfiguration section */

/* Begin XCConfigurationList section */
		2184EB6219937CBD008A0F61 /* Build configuration list for PBXProject "GraphVisualizer" */ = {
			isa = XCConfigurationList;
			buildConfigurations = (
				2184EB8119937CBD008A0F61 /* Debug */,
				2184EB8219937CBD008A0F61 /* Release */,
			);
			defaultConfigurationIsVisible = 0;
			defaultConfigurationName = Release;
		};
		2184EB8319937CBD008A0F61 /* Build configuration list for PBXNativeTarget "GraphVisualizer" */ = {
			isa = XCConfigurationList;
			buildConfigurations = (
				2184EB8419937CBD008A0F61 /* Debug */,
				2184EB8519937CBD008A0F61 /* Release */,
			);
			defaultConfigurationIsVisible = 0;
		};
		2184EB8619937CBD008A0F61 /* Build configuration list for PBXNativeTarget "GraphVisualizerTests" */ = {
			isa = XCConfigurationList;
			buildConfigurations = (
				2184EB8719937CBD008A0F61 /* Debug */,
				2184EB8819937CBD008A0F61 /* Release */,
			);
			defaultConfigurationIsVisible = 0;
		};
/* End XCConfigurationList section */
	};
	rootObject = 2184EB5F19937CBD008A0F61 /* Project object */;
}
